// !$*UTF8*$!
{
	archiveVersion = 1;
	classes = {
	};
	objectVersion = 55;
	objects = {

/* Begin PBXBuildFile section */
		D4A9D134298D36220096F170 /* WeatherAppApp.swift in Sources */ = {isa = PBXBuildFile; fileRef = D4A9D133298D36220096F170 /* WeatherAppApp.swift */; };
		D4A9D136298D36220096F170 /* ContentView.swift in Sources */ = {isa = PBXBuildFile; fileRef = D4A9D135298D36220096F170 /* ContentView.swift */; };
		D4A9D138298D36250096F170 /* Assets.xcassets in Resources */ = {isa = PBXBuildFile; fileRef = D4A9D137298D36250096F170 /* Assets.xcassets */; };
		D4A9D13B298D36250096F170 /* Preview Assets.xcassets in Resources */ = {isa = PBXBuildFile; fileRef = D4A9D13A298D36250096F170 /* Preview Assets.xcassets */; };
		D4A9D143298D4E0F0096F170 /* LocationManager.swift in Sources */ = {isa = PBXBuildFile; fileRef = D4A9D142298D4E0F0096F170 /* LocationManager.swift */; };
		D4A9D146298D4FB90096F170 /* WelcomeView.swift in Sources */ = {isa = PBXBuildFile; fileRef = D4A9D145298D4FB90096F170 /* WelcomeView.swift */; };
		D4A9D148298D537A0096F170 /* LoadingView.swift in Sources */ = {isa = PBXBuildFile; fileRef = D4A9D147298D537A0096F170 /* LoadingView.swift */; };
		D4A9D14A298D55030096F170 /* WeatherManager.swift in Sources */ = {isa = PBXBuildFile; fileRef = D4A9D149298D55030096F170 /* WeatherManager.swift */; };
		D4A9D14C298D5B0D0096F170 /* WeatherView.swift in Sources */ = {isa = PBXBuildFile; fileRef = D4A9D14B298D5B0D0096F170 /* WeatherView.swift */; };
		D4A9D14E298D5B500096F170 /* ModelData.swift in Sources */ = {isa = PBXBuildFile; fileRef = D4A9D14D298D5B500096F170 /* ModelData.swift */; };
		D4A9D150298D5E330096F170 /* weatherData.json in Resources */ = {isa = PBXBuildFile; fileRef = D4A9D14F298D5E330096F170 /* weatherData.json */; };
		D4A9D152298D5EBD0096F170 /* Extensions.swift in Sources */ = {isa = PBXBuildFile; fileRef = D4A9D151298D5EBD0096F170 /* Extensions.swift */; };
		D4A9D155298D66D00096F170 /* WeatherRow.swift in Sources */ = {isa = PBXBuildFile; fileRef = D4A9D154298D66D00096F170 /* WeatherRow.swift */; };
/* End PBXBuildFile section */

/* Begin PBXFileReference section */
		D4A9D130298D36220096F170 /* WeatherApp.app */ = {isa = PBXFileReference; explicitFileType = wrapper.application; includeInIndex = 0; path = WeatherApp.app; sourceTree = BUILT_PRODUCTS_DIR; };
		D4A9D133298D36220096F170 /* WeatherAppApp.swift */ = {isa = PBXFileReference; lastKnownFileType = sourcecode.swift; path = WeatherAppApp.swift; sourceTree = "<group>"; };
		D4A9D135298D36220096F170 /* ContentView.swift */ = {isa = PBXFileReference; lastKnownFileType = sourcecode.swift; path = ContentView.swift; sourceTree = "<group>"; };
		D4A9D137298D36250096F170 /* Assets.xcassets */ = {isa = PBXFileReference; lastKnownFileType = folder.assetcatalog; path = Assets.xcassets; sourceTree = "<group>"; };
		D4A9D13A298D36250096F170 /* Preview Assets.xcassets */ = {isa = PBXFileReference; lastKnownFileType = folder.assetcatalog; path = "Preview Assets.xcassets"; sourceTree = "<group>"; };
		D4A9D142298D4E0F0096F170 /* LocationManager.swift */ = {isa = PBXFileReference; lastKnownFileType = sourcecode.swift; path = LocationManager.swift; sourceTree = "<group>"; };
		D4A9D145298D4FB90096F170 /* WelcomeView.swift */ = {isa = PBXFileReference; lastKnownFileType = sourcecode.swift; path = WelcomeView.swift; sourceTree = "<group>"; };
		D4A9D147298D537A0096F170 /* LoadingView.swift */ = {isa = PBXFileReference; lastKnownFileType = sourcecode.swift; path = LoadingView.swift; sourceTree = "<group>"; };
		D4A9D149298D55030096F170 /* WeatherManager.swift */ = {isa = PBXFileReference; lastKnownFileType = sourcecode.swift; path = WeatherManager.swift; sourceTree = "<group>"; };
		D4A9D14B298D5B0D0096F170 /* WeatherView.swift */ = {isa = PBXFileReference; lastKnownFileType = sourcecode.swift; path = WeatherView.swift; sourceTree = "<group>"; };
		D4A9D14D298D5B500096F170 /* ModelData.swift */ = {isa = PBXFileReference; lastKnownFileType = sourcecode.swift; path = ModelData.swift; sourceTree = "<group>"; };
		D4A9D14F298D5E330096F170 /* weatherData.json */ = {isa = PBXFileReference; fileEncoding = 4; lastKnownFileType = text.json; name = weatherData.json; path = "../../../../../../Downloads/WeatherApp-main/WeatherApp/Preview Content/weatherData.json"; sourceTree = "<group>"; };
		D4A9D151298D5EBD0096F170 /* Extensions.swift */ = {isa = PBXFileReference; lastKnownFileType = sourcecode.swift; path = Extensions.swift; sourceTree = "<group>"; };
		D4A9D154298D66D00096F170 /* WeatherRow.swift */ = {isa = PBXFileReference; lastKnownFileType = sourcecode.swift; path = WeatherRow.swift; sourceTree = "<group>"; };
/* End PBXFileReference section */

/* Begin PBXFrameworksBuildPhase section */
		D4A9D12D298D36220096F170 /* Frameworks */ = {
			isa = PBXFrameworksBuildPhase;
			buildActionMask = 2147483647;
			files = (
			);
			runOnlyForDeploymentPostprocessing = 0;
		};
/* End PBXFrameworksBuildPhase section */

/* Begin PBXGroup section */
		D4A9D127298D36220096F170 = {
			isa = PBXGroup;
			children = (
				D4A9D132298D36220096F170 /* WeatherApp */,
				D4A9D131298D36220096F170 /* Products */,
			);
			sourceTree = "<group>";
		};
		D4A9D131298D36220096F170 /* Products */ = {
			isa = PBXGroup;
			children = (
				D4A9D130298D36220096F170 /* WeatherApp.app */,
			);
			name = Products;
			sourceTree = "<group>";
		};
		D4A9D132298D36220096F170 /* WeatherApp */ = {
			isa = PBXGroup;
			children = (
				D4A9D153298D66B90096F170 /* Components */,
				D4A9D144298D4F4B0096F170 /* Views */,
				D4A9D141298D4DF70096F170 /* Managers */,
				D4A9D133298D36220096F170 /* WeatherAppApp.swift */,
				D4A9D137298D36250096F170 /* Assets.xcassets */,
				D4A9D139298D36250096F170 /* Preview Content */,
				D4A9D151298D5EBD0096F170 /* Extensions.swift */,
			);
			path = WeatherApp;
			sourceTree = "<group>";
		};
		D4A9D139298D36250096F170 /* Preview Content */ = {
			isa = PBXGroup;
			children = (
				D4A9D13A298D36250096F170 /* Preview Assets.xcassets */,
				D4A9D14D298D5B500096F170 /* ModelData.swift */,
				D4A9D14F298D5E330096F170 /* weatherData.json */,
			);
			path = "Preview Content";
			sourceTree = "<group>";
		};
		D4A9D141298D4DF70096F170 /* Managers */ = {
			isa = PBXGroup;
			children = (
				D4A9D142298D4E0F0096F170 /* LocationManager.swift */,
				D4A9D149298D55030096F170 /* WeatherManager.swift */,
			);
			path = Managers;
			sourceTree = "<group>";
		};
		D4A9D144298D4F4B0096F170 /* Views */ = {
			isa = PBXGroup;
			children = (
				D4A9D135298D36220096F170 /* ContentView.swift */,
				D4A9D145298D4FB90096F170 /* WelcomeView.swift */,
				D4A9D147298D537A0096F170 /* LoadingView.swift */,
				D4A9D14B298D5B0D0096F170 /* WeatherView.swift */,
			);
			path = Views;
			sourceTree = "<group>";
		};
		D4A9D153298D66B90096F170 /* Components */ = {
			isa = PBXGroup;
			children = (
				D4A9D154298D66D00096F170 /* WeatherRow.swift */,
			);
			path = Components;
			sourceTree = "<group>";
		};
/* End PBXGroup section */

/* Begin PBXNativeTarget section */
		D4A9D12F298D36220096F170 /* WeatherApp */ = {
			isa = PBXNativeTarget;
			buildConfigurationList = D4A9D13E298D36250096F170 /* Build configuration list for PBXNativeTarget "WeatherApp" */;
			buildPhases = (
				D4A9D12C298D36220096F170 /* Sources */,
				D4A9D12D298D36220096F170 /* Frameworks */,
				D4A9D12E298D36220096F170 /* Resources */,
			);
			buildRules = (
			);
			dependencies = (
			);
			name = WeatherApp;
			productName = WeatherApp;
			productReference = D4A9D130298D36220096F170 /* WeatherApp.app */;
			productType = "com.apple.product-type.application";
		};
/* End PBXNativeTarget section */

/* Begin PBXProject section */
		D4A9D128298D36220096F170 /* Project object */ = {
			isa = PBXProject;
			attributes = {
				BuildIndependentTargetsInParallel = 1;
				LastSwiftUpdateCheck = 1320;
				LastUpgradeCheck = 1320;
				TargetAttributes = {
					D4A9D12F298D36220096F170 = {
						CreatedOnToolsVersion = 13.2.1;
					};
				};
			};
			buildConfigurationList = D4A9D12B298D36220096F170 /* Build configuration list for PBXProject "WeatherApp" */;
			compatibilityVersion = "Xcode 13.0";
			developmentRegion = en;
			hasScannedForEncodings = 0;
			knownRegions = (
				en,
				Base,
			);
			mainGroup = D4A9D127298D36220096F170;
			productRefGroup = D4A9D131298D36220096F170 /* Products */;
			projectDirPath = "";
			projectRoot = "";
			targets = (
				D4A9D12F298D36220096F170 /* WeatherApp */,
			);
		};
/* End PBXProject section */

/* Begin PBXResourcesBuildPhase section */
		D4A9D12E298D36220096F170 /* Resources */ = {
			isa = PBXResourcesBuildPhase;
			buildActionMask = 2147483647;
			files = (
				D4A9D13B298D36250096F170 /* Preview Assets.xcassets in Resources */,
				D4A9D150298D5E330096F170 /* weatherData.json in Resources */,
				D4A9D138298D36250096F170 /* Assets.xcassets in Resources */,
			);
			runOnlyForDeploymentPostprocessing = 0;
		};
/* End PBXResourcesBuildPhase section */

/* Begin PBXSourcesBuildPhase section */
		D4A9D12C298D36220096F170 /* Sources */ = {
			isa = PBXSourcesBuildPhase;
			buildActionMask = 2147483647;
			files = (
				D4A9D14A298D55030096F170 /* WeatherManager.swift in Sources */,
				D4A9D152298D5EBD0096F170 /* Extensions.swift in Sources */,
				D4A9D136298D36220096F170 /* ContentView.swift in Sources */,
				D4A9D134298D36220096F170 /* WeatherAppApp.swift in Sources */,
				D4A9D143298D4E0F0096F170 /* LocationManager.swift in Sources */,
				D4A9D155298D66D00096F170 /* WeatherRow.swift in Sources */,
				D4A9D148298D537A0096F170 /* LoadingView.swift in Sources */,
				D4A9D14E298D5B500096F170 /* ModelData.swift in Sources */,
				D4A9D14C298D5B0D0096F170 /* WeatherView.swift in Sources */,
				D4A9D146298D4FB90096F170 /* WelcomeView.swift in Sources */,
			);
			runOnlyForDeploymentPostprocessing = 0;
		};
/* End PBXSourcesBuildPhase section */

/* Begin XCBuildConfiguration section */
		D4A9D13C298D36250096F170 /* Debug */ = {
			isa = XCBuildConfiguration;
			buildSettings = {
				ALWAYS_SEARCH_USER_PATHS = NO;
				CLANG_ANALYZER_NONNULL = YES;
				CLANG_ANALYZER_NUMBER_OBJECT_CONVERSION = YES_AGGRESSIVE;
				CLANG_CXX_LANGUAGE_STANDARD = "gnu++17";
				CLANG_CXX_LIBRARY = "libc++";
				CLANG_ENABLE_MODULES = YES;
				CLANG_ENABLE_OBJC_ARC = YES;
				CLANG_ENABLE_OBJC_WEAK = YES;
				CLANG_WARN_BLOCK_CAPTURE_AUTORELEASING = YES;
				CLANG_WARN_BOOL_CONVERSION = YES;
				CLANG_WARN_COMMA = YES;
				CLANG_WARN_CONSTANT_CONVERSION = YES;
				CLANG_WARN_DEPRECATED_OBJC_IMPLEMENTATIONS = YES;
				CLANG_WARN_DIRECT_OBJC_ISA_USAGE = YES_ERROR;
				CLANG_WARN_DOCUMENTATION_COMMENTS = YES;
				CLANG_WARN_EMPTY_BODY = YES;
				CLANG_WARN_ENUM_CONVERSION = YES;
				CLANG_WARN_INFINITE_RECURSION = YES;
				CLANG_WARN_INT_CONVERSION = YES;
				CLANG_WARN_NON_LITERAL_NULL_CONVERSION = YES;
				CLANG_WARN_OBJC_IMPLICIT_RETAIN_SELF = YES;
				CLANG_WARN_OBJC_LITERAL_CONVERSION = YES;
				CLANG_WARN_OBJC_ROOT_CLASS = YES_ERROR;
				CLANG_WARN_QUOTED_INCLUDE_IN_FRAMEWORK_HEADER = YES;
				CLANG_WARN_RANGE_LOOP_ANALYSIS = YES;
				CLANG_WARN_STRICT_PROTOTYPES = YES;
				CLANG_WARN_SUSPICIOUS_MOVE = YES;
				CLANG_WARN_UNGUARDED_AVAILABILITY = YES_AGGRESSIVE;
				CLANG_WARN_UNREACHABLE_CODE = YES;
				CLANG_WARN__DUPLICATE_METHOD_MATCH = YES;
				COPY_PHASE_STRIP = NO;
				DEBUG_INFORMATION_FORMAT = dwarf;
				ENABLE_STRICT_OBJC_MSGSEND = YES;
				ENABLE_TESTABILITY = YES;
				GCC_C_LANGUAGE_STANDARD = gnu11;
				GCC_DYNAMIC_NO_PIC = NO;
				GCC_NO_COMMON_BLOCKS = YES;
				GCC_OPTIMIZATION_LEVEL = 0;
				GCC_PREPROCESSOR_DEFINITIONS = (
					"DEBUG=1",
					"$(inherited)",
				);
				GCC_WARN_64_TO_32_BIT_CONVERSION = YES;
				GCC_WARN_ABOUT_RETURN_TYPE = YES_ERROR;
				GCC_WARN_UNDECLARED_SELECTOR = YES;
				GCC_WARN_UNINITIALIZED_AUTOS = YES_AGGRESSIVE;
				GCC_WARN_UNUSED_FUNCTION = YES;
				GCC_WARN_UNUSED_VARIABLE = YES;
				IPHONEOS_DEPLOYMENT_TARGET = 15.2;
				MTL_ENABLE_DEBUG_INFO = INCLUDE_SOURCE;
				MTL_FAST_MATH = YES;
				ONLY_ACTIVE_ARCH = YES;
				SDKROOT = iphoneos;
				SWIFT_ACTIVE_COMPILATION_CONDITIONS = DEBUG;
				SWIFT_OPTIMIZATION_LEVEL = "-Onone";
			};
			name = Debug;
		};
		D4A9D13D298D36250096F170 /* Release */ = {
			isa = XCBuildConfiguration;
			buildSettings = {
				ALWAYS_SEARCH_USER_PATHS = NO;
				CLANG_ANALYZER_NONNULL = YES;
				CLANG_ANALYZER_NUMBER_OBJECT_CONVERSION = YES_AGGRESSIVE;
				CLANG_CXX_LANGUAGE_STANDARD = "gnu++17";
				CLANG_CXX_LIBRARY = "libc++";
				CLANG_ENABLE_MODULES = YES;
				CLANG_ENABLE_OBJC_ARC = YES;
				CLANG_ENABLE_OBJC_WEAK = YES;
				CLANG_WARN_BLOCK_CAPTURE_AUTORELEASING = YES;
				CLANG_WARN_BOOL_CONVERSION = YES;
				CLANG_WARN_COMMA = YES;
				CLANG_WARN_CONSTANT_CONVERSION = YES;
				CLANG_WARN_DEPRECATED_OBJC_IMPLEMENTATIONS = YES;
				CLANG_WARN_DIRECT_OBJC_ISA_USAGE = YES_ERROR;
				CLANG_WARN_DOCUMENTATION_COMMENTS = YES;
				CLANG_WARN_EMPTY_BODY = YES;
				CLANG_WARN_ENUM_CONVERSION = YES;
				CLANG_WARN_INFINITE_RECURSION = YES;
				CLANG_WARN_INT_CONVERSION = YES;
				CLANG_WARN_NON_LITERAL_NULL_CONVERSION = YES;
				CLANG_WARN_OBJC_IMPLICIT_RETAIN_SELF = YES;
				CLANG_WARN_OBJC_LITERAL_CONVERSION = YES;
				CLANG_WARN_OBJC_ROOT_CLASS = YES_ERROR;
				CLANG_WARN_QUOTED_INCLUDE_IN_FRAMEWORK_HEADER = YES;
				CLANG_WARN_RANGE_LOOP_ANALYSIS = YES;
				CLANG_WARN_STRICT_PROTOTYPES = YES;
				CLANG_WARN_SUSPICIOUS_MOVE = YES;
				CLANG_WARN_UNGUARDED_AVAILABILITY = YES_AGGRESSIVE;
				CLANG_WARN_UNREACHABLE_CODE = YES;
				CLANG_WARN__DUPLICATE_METHOD_MATCH = YES;
				COPY_PHASE_STRIP = NO;
				DEBUG_INFORMATION_FORMAT = "dwarf-with-dsym";
				ENABLE_NS_ASSERTIONS = NO;
				ENABLE_STRICT_OBJC_MSGSEND = YES;
				GCC_C_LANGUAGE_STANDARD = gnu11;
				GCC_NO_COMMON_BLOCKS = YES;
				GCC_WARN_64_TO_32_BIT_CONVERSION = YES;
				GCC_WARN_ABOUT_RETURN_TYPE = YES_ERROR;
				GCC_WARN_UNDECLARED_SELECTOR = YES;
				GCC_WARN_UNINITIALIZED_AUTOS = YES_AGGRESSIVE;
				GCC_WARN_UNUSED_FUNCTION = YES;
				GCC_WARN_UNUSED_VARIABLE = YES;
				IPHONEOS_DEPLOYMENT_TARGET = 15.2;
				MTL_ENABLE_DEBUG_INFO = NO;
				MTL_FAST_MATH = YES;
				SDKROOT = iphoneos;
				SWIFT_COMPILATION_MODE = wholemodule;
				SWIFT_OPTIMIZATION_LEVEL = "-O";
				VALIDATE_PRODUCT = YES;
			};
			name = Release;
		};
		D4A9D13F298D36250096F170 /* Debug */ = {
			isa = XCBuildConfiguration;
			buildSettings = {
				ASSETCATALOG_COMPILER_APPICON_NAME = AppIcon;
				ASSETCATALOG_COMPILER_GLOBAL_ACCENT_COLOR_NAME = AccentColor;
				CODE_SIGN_STYLE = Automatic;
				CURRENT_PROJECT_VERSION = 1;
				DEVELOPMENT_ASSET_PATHS = "\"WeatherApp/Preview Content\"";
				DEVELOPMENT_TEAM = G5TA82FJSP;
				ENABLE_PREVIEWS = YES;
				GENERATE_INFOPLIST_FILE = YES;
				INFOPLIST_KEY_UIApplicationSceneManifest_Generation = YES;
				INFOPLIST_KEY_UIApplicationSupportsIndirectInputEvents = YES;
				INFOPLIST_KEY_UILaunchScreen_Generation = YES;
				INFOPLIST_KEY_UISupportedInterfaceOrientations_iPad = "UIInterfaceOrientationPortrait UIInterfaceOrientationPortraitUpsideDown UIInterfaceOrientationLandscapeLeft UIInterfaceOrientationLandscapeRight";
				INFOPLIST_KEY_UISupportedInterfaceOrientations_iPhone = "UIInterfaceOrientationPortrait UIInterfaceOrientationLandscapeLeft UIInterfaceOrientationLandscapeRight";
				IPHONEOS_DEPLOYMENT_TARGET = 15.1;
				LD_RUNPATH_SEARCH_PATHS = (
					"$(inherited)",
					"@executable_path/Frameworks",
				);
				MARKETING_VERSION = 1.0;
				PRODUCT_BUNDLE_IDENTIFIER = com.AnnaZarubina.WeatherApp;
				PRODUCT_NAME = "$(TARGET_NAME)";
				SWIFT_EMIT_LOC_STRINGS = YES;
				SWIFT_VERSION = 5.0;
				TARGETED_DEVICE_FAMILY = "1,2";
			};
			name = Debug;
		};
		D4A9D140298D36250096F170 /* Release */ = {
			isa = XCBuildConfiguration;
			buildSettings = {
				ASSETCATALOG_COMPILER_APPICON_NAME = AppIcon;
				ASSETCATALOG_COMPILER_GLOBAL_ACCENT_COLOR_NAME = AccentColor;
				CODE_SIGN_STYLE = Automatic;
				CURRENT_PROJECT_VERSION = 1;
				DEVELOPMENT_ASSET_PATHS = "\"WeatherApp/Preview Content\"";
				DEVELOPMENT_TEAM = G5TA82FJSP;
				ENABLE_PREVIEWS = YES;
				GENERATE_INFOPLIST_FILE = YES;
				INFOPLIST_KEY_UIApplicationSceneManifest_Generation = YES;
				INFOPLIST_KEY_UIApplicationSupportsIndirectInputEvents = YES;
				INFOPLIST_KEY_UILaunchScreen_Generation = YES;
				INFOPLIST_KEY_UISupportedInterfaceOrientations_iPad = "UIInterfaceOrientationPortrait UIInterfaceOrientationPortraitUpsideDown UIInterfaceOrientationLandscapeLeft UIInterfaceOrientationLandscapeRight";
				INFOPLIST_KEY_UISupportedInterfaceOrientations_iPhone = "UIInterfaceOrientationPortrait UIInterfaceOrientationLandscapeLeft UIInterfaceOrientationLandscapeRight";
				IPHONEOS_DEPLOYMENT_TARGET = 15.1;
				LD_RUNPATH_SEARCH_PATHS = (
					"$(inherited)",
					"@executable_path/Frameworks",
				);
				MARKETING_VERSION = 1.0;
				PRODUCT_BUNDLE_IDENTIFIER = com.AnnaZarubina.WeatherApp;
				PRODUCT_NAME = "$(TARGET_NAME)";
				SWIFT_EMIT_LOC_STRINGS = YES;
				SWIFT_VERSION = 5.0;
				TARGETED_DEVICE_FAMILY = "1,2";
			};
			name = Release;
		};
/* End XCBuildConfiguration section */

/* Begin XCConfigurationList section */
		D4A9D12B298D36220096F170 /* Build configuration list for PBXProject "WeatherApp" */ = {
			isa = XCConfigurationList;
			buildConfigurations = (
				D4A9D13C298D36250096F170 /* Debug */,
				D4A9D13D298D36250096F170 /* Release */,
			);
			defaultConfigurationIsVisible = 0;
			defaultConfigurationName = Release;
		};
		D4A9D13E298D36250096F170 /* Build configuration list for PBXNativeTarget "WeatherApp" */ = {
			isa = XCConfigurationList;
			buildConfigurations = (
				D4A9D13F298D36250096F170 /* Debug */,
				D4A9D140298D36250096F170 /* Release */,
			);
			defaultConfigurationIsVisible = 0;
			defaultConfigurationName = Release;
		};
/* End XCConfigurationList section */
	};
	rootObject = D4A9D128298D36220096F170 /* Project object */;
}
